
Microsoft Visual Studio Solution File, Format Version 12.00
# Visual Studio 15
VisualStudioVersion = 15.0.28307.421
MinimumVisualStudioVersion = 10.0.40219.1
Project("{F2A71F9B-5D33-465A-A702-920D77279786}") = "ComonadicBuilder", "ComonadicBuilder\ComonadicBuilder.fsproj", "{6F5353AE-1C24-41B4-86F3-A1FE9848E42C}"
EndProject
Global
	GlobalSection(SolutionConfigurationPlatforms) = preSolution
		Debug|Any CPU = Debug|Any CPU
		Release|Any CPU = Release|Any CPU
	EndGlobalSection
	GlobalSection(ProjectConfigurationPlatforms) = postSolution
		{6F5353AE-1C24-41B4-86F3-A1FE9848E42C}.Debug|Any CPU.ActiveCfg = Debug|Any CPU
		{6F5353AE-1C24-41B4-86F3-A1FE9848E42C}.Debug|Any CPU.Build.0 = Debug|Any CPU
		{6F5353AE-1C24-41B4-86F3-A1FE9848E42C}.Release|Any CPU.ActiveCfg = Release|Any CPU
		{6F5353AE-1C24-41B4-86F3-A1FE9848E42C}.Release|Any CPU.Build.0 = Release|Any CPU
	EndGlobalSection
	GlobalSection(SolutionProperties) = preSolution
		HideSolutionNode = FALSE
	EndGlobalSection
	GlobalSection(ExtensibilityGlobals) = postSolution
		SolutionGuid = {BEE8FB57-ED5A-4C84-A8BE-0988DC5AD274}
	EndGlobalSection
EndGlobal
